
Microsoft Visual Studio Solution File, Format Version 12.00
# Visual Studio Version 16
VisualStudioVersion = 16.0.31105.61
MinimumVisualStudioVersion = 10.0.40219.1
Project("{FAE04EC0-301F-11D3-BF4B-00C04F79EFBC}") = "ExemploSW01", "ExemploSW01\ExemploSW01.csproj", "{4A1C5D75-1A5B-4429-A196-D11563E91486}"
EndProject
Global
	GlobalSection(SolutionConfigurationPlatforms) = preSolution
		Debug|Any CPU = Debug|Any CPU
		Release|Any CPU = Release|Any CPU
	EndGlobalSection
	GlobalSection(ProjectConfigurationPlatforms) = postSolution
		{4A1C5D75-1A5B-4429-A196-D11563E91486}.Debug|Any CPU.ActiveCfg = Debug|Any CPU
		{4A1C5D75-1A5B-4429-A196-D11563E91486}.Debug|Any CPU.Build.0 = Debug|Any CPU
		{4A1C5D75-1A5B-4429-A196-D11563E91486}.Release|Any CPU.ActiveCfg = Release|Any CPU
		{4A1C5D75-1A5B-4429-A196-D11563E91486}.Release|Any CPU.Build.0 = Release|Any CPU
	EndGlobalSection
	GlobalSection(SolutionProperties) = preSolution
		HideSolutionNode = FALSE
	EndGlobalSection
	GlobalSection(ExtensibilityGlobals) = postSolution
		SolutionGuid = {0B4F67FF-6FFD-45C9-BB9E-BECC787090EB}
	EndGlobalSection
EndGlobal
